
Microsoft Visual Studio Solution File, Format Version 12.00
# Visual Studio 15
VisualStudioVersion = 15.0.28010.2046
MinimumVisualStudioVersion = 10.0.40219.1
Project("{FAE04EC0-301F-11D3-BF4B-00C04F79EFBC}") = "SINGLETON.PATTERN", "SINGLETON.PATTERN\SINGLETON.PATTERN.csproj", "{FFDCA7AF-7A47-4FF4-8377-4378519DF54D}"
EndProject
Project("{FAE04EC0-301F-11D3-BF4B-00C04F79EFBC}") = "Design_Patterns.DB", "Design_Patterns.DB\Design_Patterns.DB.csproj", "{C5AA1B29-38A7-467F-A70C-13A99FC990B9}"
EndProject
Project("{FAE04EC0-301F-11D3-BF4B-00C04F79EFBC}") = "FACTORY.PATTERN", "FACTORY.PATTERN\FACTORY.PATTERN.csproj", "{36125556-55F4-4ABC-A447-C33F740D299E}"
EndProject
Global
	GlobalSection(SolutionConfigurationPlatforms) = preSolution
		Debug|Any CPU = Debug|Any CPU
		Release|Any CPU = Release|Any CPU
	EndGlobalSection
	GlobalSection(ProjectConfigurationPlatforms) = postSolution
		{FFDCA7AF-7A47-4FF4-8377-4378519DF54D}.Debug|Any CPU.ActiveCfg = Debug|Any CPU
		{FFDCA7AF-7A47-4FF4-8377-4378519DF54D}.Debug|Any CPU.Build.0 = Debug|Any CPU
		{FFDCA7AF-7A47-4FF4-8377-4378519DF54D}.Release|Any CPU.ActiveCfg = Release|Any CPU
		{FFDCA7AF-7A47-4FF4-8377-4378519DF54D}.Release|Any CPU.Build.0 = Release|Any CPU
		{C5AA1B29-38A7-467F-A70C-13A99FC990B9}.Debug|Any CPU.ActiveCfg = Debug|Any CPU
		{C5AA1B29-38A7-467F-A70C-13A99FC990B9}.Debug|Any CPU.Build.0 = Debug|Any CPU
		{C5AA1B29-38A7-467F-A70C-13A99FC990B9}.Release|Any CPU.ActiveCfg = Release|Any CPU
		{C5AA1B29-38A7-467F-A70C-13A99FC990B9}.Release|Any CPU.Build.0 = Release|Any CPU
		{36125556-55F4-4ABC-A447-C33F740D299E}.Debug|Any CPU.ActiveCfg = Debug|Any CPU
		{36125556-55F4-4ABC-A447-C33F740D299E}.Debug|Any CPU.Build.0 = Debug|Any CPU
		{36125556-55F4-4ABC-A447-C33F740D299E}.Release|Any CPU.ActiveCfg = Release|Any CPU
		{36125556-55F4-4ABC-A447-C33F740D299E}.Release|Any CPU.Build.0 = Release|Any CPU
	EndGlobalSection
	GlobalSection(SolutionProperties) = preSolution
		HideSolutionNode = FALSE
	EndGlobalSection
	GlobalSection(ExtensibilityGlobals) = postSolution
		SolutionGuid = {6BA1A951-5F28-4D26-92C3-CE261AF2FE5B}
	EndGlobalSection
EndGlobal
