
Microsoft Visual Studio Solution File, Format Version 12.00
# Visual Studio 15
VisualStudioVersion = 15.0.28010.2046
MinimumVisualStudioVersion = 10.0.40219.1
Project("{FAE04EC0-301F-11D3-BF4B-00C04F79EFBC}") = "SINGLETON.PATTERN", "SINGLETON.PATTERN\SINGLETON.PATTERN.csproj", "{FFDCA7AF-7A47-4FF4-8377-4378519DF54D}"
EndProject
Project("{FAE04EC0-301F-11D3-BF4B-00C04F79EFBC}") = "Design_Patterns.DB", "Design_Patterns.DB\Design_Patterns.DB.csproj", "{C5AA1B29-38A7-467F-A70C-13A99FC990B9}"
EndProject
Project("{FAE04EC0-301F-11D3-BF4B-00C04F79EFBC}") = "FACTORY.PATTERN", "FACTORY.PATTERN\FACTORY.PATTERN.csproj", "{36125556-55F4-4ABC-A447-C33F740D299E}"
EndProject
Project("{FAE04EC0-301F-11D3-BF4B-00C04F79EFBC}") = "ABSTRACTFACTORY.PATTERN", "ABSTRACTFACTORY.PATTERN\ABSTRACTFACTORY.PATTERN.csproj", "{849C5135-0E93-42BE-8EF8-6125907CE072}"
EndProject
Project("{FAE04EC0-301F-11D3-BF4B-00C04F79EFBC}") = "PROPERTY.PATTERN", "PROPERTY.PATTERN\PROPERTY.PATTERN.csproj", "{5BDFDE4B-CF80-4C84-9974-FD24EFF3C1D9}"
EndProject
Project("{FAE04EC0-301F-11D3-BF4B-00C04F79EFBC}") = "BUILDER.PATTERN", "BUILDER.PATTERN\BUILDER.PATTERN.csproj", "{CC74B2F7-0A77-4514-933B-ADD5142FED89}"
EndProject
Project("{FAE04EC0-301F-11D3-BF4B-00C04F79EFBC}") = "FACADE.PATTERN", "FACADE.PATTERN\FACADE.PATTERN.csproj", "{FD4573F2-CAAB-43D4-862F-30A9FE27FA98}"
EndProject
Project("{FAE04EC0-301F-11D3-BF4B-00C04F79EFBC}") = "ADAPTER.PATTERN", "ADAPTER.PATTERN\ADAPTER.PATTERN.csproj", "{F3F45B9B-BB0C-493D-B2F0-8DB851F83BDF}"
EndProject
Project("{FAE04EC0-301F-11D3-BF4B-00C04F79EFBC}") = "COMPOSITE.PATTERN", "COMPOSITE.PATTERN\COMPOSITE.PATTERN.csproj", "{1B82F0CA-C2D9-4109-852B-F4938E18C02F}"
EndProject
Project("{FAE04EC0-301F-11D3-BF4B-00C04F79EFBC}") = "PROXY.PATTERN", "PROXY.PATTERN\PROXY.PATTERN.csproj", "{6AF5E59D-A7D8-4A1E-91C0-107F216ACF67}"
EndProject
Project("{FAE04EC0-301F-11D3-BF4B-00C04F79EFBC}") = "DECORATOR.PATTERN", "DECORATOR.PATTERN\DECORATOR.PATTERN.csproj", "{D0731D04-6F36-479F-B82A-C756BD751ED7}"
EndProject
Project("{FAE04EC0-301F-11D3-BF4B-00C04F79EFBC}") = "BRIDGE.PATTERN", "BRIDGE.PATTERN\BRIDGE.PATTERN.csproj", "{41E3A820-AA19-4369-959A-0FF52820745E}"
EndProject
Project("{FAE04EC0-301F-11D3-BF4B-00C04F79EFBC}") = "STRATEGY.PATTERN", "STRATEGY.PATTERN\STRATEGY.PATTERN.csproj", "{A5562A36-AF43-4463-B9C9-2ED376F154E2}"
EndProject
Project("{FAE04EC0-301F-11D3-BF4B-00C04F79EFBC}") = "OBSERVER.PATTERN", "OBSERVER.PATTERN\OBSERVER.PATTERN.csproj", "{6CA428E0-3D16-40E8-B7C4-A74BB4DBA9AF}"
EndProject
Project("{FAE04EC0-301F-11D3-BF4B-00C04F79EFBC}") = "CHAINOFRESPONSIBILITY", "CHAINOFRESPONSIBILITY\CHAINOFRESPONSIBILITY.csproj", "{63937FD9-D6AC-4723-989D-FAFE2B714BDC}"
EndProject
Project("{FAE04EC0-301F-11D3-BF4B-00C04F79EFBC}") = "MEMENTO", "MEMENTO\MEMENTO.csproj", "{9CDE0D99-5703-48E2-9D04-F1F0D9128E0D}"
EndProject
Project("{FAE04EC0-301F-11D3-BF4B-00C04F79EFBC}") = "MEDIATOR", "MEDIATOR\MEDIATOR.csproj", "{D1636732-538E-4AA4-88E5-D0BB1481D589}"
EndProject
Project("{FAE04EC0-301F-11D3-BF4B-00C04F79EFBC}") = "DEPENDENCY.INJECTION.PATTERN", "DEPENDENCY.INJECTION.PATTERN\DEPENDENCY.INJECTION.PATTERN.csproj", "{5EDC6D9C-86DE-400B-9FF9-9232D3AE38ED}"
EndProject
Project("{FAE04EC0-301F-11D3-BF4B-00C04F79EFBC}") = "COMMAND.PATTERN", "COMMAND.PATTERN\COMMAND.PATTERN.csproj", "{DF02D6B6-D6E8-4A27-A2F2-FC7B77B039CD}"
EndProject
Global
	GlobalSection(SolutionConfigurationPlatforms) = preSolution
		Debug|Any CPU = Debug|Any CPU
		Release|Any CPU = Release|Any CPU
	EndGlobalSection
	GlobalSection(ProjectConfigurationPlatforms) = postSolution
		{FFDCA7AF-7A47-4FF4-8377-4378519DF54D}.Debug|Any CPU.ActiveCfg = Debug|Any CPU
		{FFDCA7AF-7A47-4FF4-8377-4378519DF54D}.Debug|Any CPU.Build.0 = Debug|Any CPU
		{FFDCA7AF-7A47-4FF4-8377-4378519DF54D}.Release|Any CPU.ActiveCfg = Release|Any CPU
		{FFDCA7AF-7A47-4FF4-8377-4378519DF54D}.Release|Any CPU.Build.0 = Release|Any CPU
		{C5AA1B29-38A7-467F-A70C-13A99FC990B9}.Debug|Any CPU.ActiveCfg = Debug|Any CPU
		{C5AA1B29-38A7-467F-A70C-13A99FC990B9}.Debug|Any CPU.Build.0 = Debug|Any CPU
		{C5AA1B29-38A7-467F-A70C-13A99FC990B9}.Release|Any CPU.ActiveCfg = Release|Any CPU
		{C5AA1B29-38A7-467F-A70C-13A99FC990B9}.Release|Any CPU.Build.0 = Release|Any CPU
		{36125556-55F4-4ABC-A447-C33F740D299E}.Debug|Any CPU.ActiveCfg = Debug|Any CPU
		{36125556-55F4-4ABC-A447-C33F740D299E}.Debug|Any CPU.Build.0 = Debug|Any CPU
		{36125556-55F4-4ABC-A447-C33F740D299E}.Release|Any CPU.ActiveCfg = Release|Any CPU
		{36125556-55F4-4ABC-A447-C33F740D299E}.Release|Any CPU.Build.0 = Release|Any CPU
		{849C5135-0E93-42BE-8EF8-6125907CE072}.Debug|Any CPU.ActiveCfg = Debug|Any CPU
		{849C5135-0E93-42BE-8EF8-6125907CE072}.Debug|Any CPU.Build.0 = Debug|Any CPU
		{849C5135-0E93-42BE-8EF8-6125907CE072}.Release|Any CPU.ActiveCfg = Release|Any CPU
		{849C5135-0E93-42BE-8EF8-6125907CE072}.Release|Any CPU.Build.0 = Release|Any CPU
		{5BDFDE4B-CF80-4C84-9974-FD24EFF3C1D9}.Debug|Any CPU.ActiveCfg = Debug|Any CPU
		{5BDFDE4B-CF80-4C84-9974-FD24EFF3C1D9}.Debug|Any CPU.Build.0 = Debug|Any CPU
		{5BDFDE4B-CF80-4C84-9974-FD24EFF3C1D9}.Release|Any CPU.ActiveCfg = Release|Any CPU
		{5BDFDE4B-CF80-4C84-9974-FD24EFF3C1D9}.Release|Any CPU.Build.0 = Release|Any CPU
		{CC74B2F7-0A77-4514-933B-ADD5142FED89}.Debug|Any CPU.ActiveCfg = Debug|Any CPU
		{CC74B2F7-0A77-4514-933B-ADD5142FED89}.Debug|Any CPU.Build.0 = Debug|Any CPU
		{CC74B2F7-0A77-4514-933B-ADD5142FED89}.Release|Any CPU.ActiveCfg = Release|Any CPU
		{CC74B2F7-0A77-4514-933B-ADD5142FED89}.Release|Any CPU.Build.0 = Release|Any CPU
		{FD4573F2-CAAB-43D4-862F-30A9FE27FA98}.Debug|Any CPU.ActiveCfg = Debug|Any CPU
		{FD4573F2-CAAB-43D4-862F-30A9FE27FA98}.Debug|Any CPU.Build.0 = Debug|Any CPU
		{FD4573F2-CAAB-43D4-862F-30A9FE27FA98}.Release|Any CPU.ActiveCfg = Release|Any CPU
		{FD4573F2-CAAB-43D4-862F-30A9FE27FA98}.Release|Any CPU.Build.0 = Release|Any CPU
		{F3F45B9B-BB0C-493D-B2F0-8DB851F83BDF}.Debug|Any CPU.ActiveCfg = Debug|Any CPU
		{F3F45B9B-BB0C-493D-B2F0-8DB851F83BDF}.Debug|Any CPU.Build.0 = Debug|Any CPU
		{F3F45B9B-BB0C-493D-B2F0-8DB851F83BDF}.Release|Any CPU.ActiveCfg = Release|Any CPU
		{F3F45B9B-BB0C-493D-B2F0-8DB851F83BDF}.Release|Any CPU.Build.0 = Release|Any CPU
		{1B82F0CA-C2D9-4109-852B-F4938E18C02F}.Debug|Any CPU.ActiveCfg = Debug|Any CPU
		{1B82F0CA-C2D9-4109-852B-F4938E18C02F}.Debug|Any CPU.Build.0 = Debug|Any CPU
		{1B82F0CA-C2D9-4109-852B-F4938E18C02F}.Release|Any CPU.ActiveCfg = Release|Any CPU
		{1B82F0CA-C2D9-4109-852B-F4938E18C02F}.Release|Any CPU.Build.0 = Release|Any CPU
		{6AF5E59D-A7D8-4A1E-91C0-107F216ACF67}.Debug|Any CPU.ActiveCfg = Debug|Any CPU
		{6AF5E59D-A7D8-4A1E-91C0-107F216ACF67}.Debug|Any CPU.Build.0 = Debug|Any CPU
		{6AF5E59D-A7D8-4A1E-91C0-107F216ACF67}.Release|Any CPU.ActiveCfg = Release|Any CPU
		{6AF5E59D-A7D8-4A1E-91C0-107F216ACF67}.Release|Any CPU.Build.0 = Release|Any CPU
		{D0731D04-6F36-479F-B82A-C756BD751ED7}.Debug|Any CPU.ActiveCfg = Debug|Any CPU
		{D0731D04-6F36-479F-B82A-C756BD751ED7}.Debug|Any CPU.Build.0 = Debug|Any CPU
		{D0731D04-6F36-479F-B82A-C756BD751ED7}.Release|Any CPU.ActiveCfg = Release|Any CPU
		{D0731D04-6F36-479F-B82A-C756BD751ED7}.Release|Any CPU.Build.0 = Release|Any CPU
		{41E3A820-AA19-4369-959A-0FF52820745E}.Debug|Any CPU.ActiveCfg = Debug|Any CPU
		{41E3A820-AA19-4369-959A-0FF52820745E}.Debug|Any CPU.Build.0 = Debug|Any CPU
		{41E3A820-AA19-4369-959A-0FF52820745E}.Release|Any CPU.ActiveCfg = Release|Any CPU
		{41E3A820-AA19-4369-959A-0FF52820745E}.Release|Any CPU.Build.0 = Release|Any CPU
		{A5562A36-AF43-4463-B9C9-2ED376F154E2}.Debug|Any CPU.ActiveCfg = Debug|Any CPU
		{A5562A36-AF43-4463-B9C9-2ED376F154E2}.Debug|Any CPU.Build.0 = Debug|Any CPU
		{A5562A36-AF43-4463-B9C9-2ED376F154E2}.Release|Any CPU.ActiveCfg = Release|Any CPU
		{A5562A36-AF43-4463-B9C9-2ED376F154E2}.Release|Any CPU.Build.0 = Release|Any CPU
		{6CA428E0-3D16-40E8-B7C4-A74BB4DBA9AF}.Debug|Any CPU.ActiveCfg = Debug|Any CPU
		{6CA428E0-3D16-40E8-B7C4-A74BB4DBA9AF}.Debug|Any CPU.Build.0 = Debug|Any CPU
		{6CA428E0-3D16-40E8-B7C4-A74BB4DBA9AF}.Release|Any CPU.ActiveCfg = Release|Any CPU
		{6CA428E0-3D16-40E8-B7C4-A74BB4DBA9AF}.Release|Any CPU.Build.0 = Release|Any CPU
		{63937FD9-D6AC-4723-989D-FAFE2B714BDC}.Debug|Any CPU.ActiveCfg = Debug|Any CPU
		{63937FD9-D6AC-4723-989D-FAFE2B714BDC}.Debug|Any CPU.Build.0 = Debug|Any CPU
		{63937FD9-D6AC-4723-989D-FAFE2B714BDC}.Release|Any CPU.ActiveCfg = Release|Any CPU
		{63937FD9-D6AC-4723-989D-FAFE2B714BDC}.Release|Any CPU.Build.0 = Release|Any CPU
		{9CDE0D99-5703-48E2-9D04-F1F0D9128E0D}.Debug|Any CPU.ActiveCfg = Debug|Any CPU
		{9CDE0D99-5703-48E2-9D04-F1F0D9128E0D}.Debug|Any CPU.Build.0 = Debug|Any CPU
		{9CDE0D99-5703-48E2-9D04-F1F0D9128E0D}.Release|Any CPU.ActiveCfg = Release|Any CPU
		{9CDE0D99-5703-48E2-9D04-F1F0D9128E0D}.Release|Any CPU.Build.0 = Release|Any CPU
		{D1636732-538E-4AA4-88E5-D0BB1481D589}.Debug|Any CPU.ActiveCfg = Debug|Any CPU
		{D1636732-538E-4AA4-88E5-D0BB1481D589}.Debug|Any CPU.Build.0 = Debug|Any CPU
		{D1636732-538E-4AA4-88E5-D0BB1481D589}.Release|Any CPU.ActiveCfg = Release|Any CPU
		{D1636732-538E-4AA4-88E5-D0BB1481D589}.Release|Any CPU.Build.0 = Release|Any CPU
		{5EDC6D9C-86DE-400B-9FF9-9232D3AE38ED}.Debug|Any CPU.ActiveCfg = Debug|Any CPU
		{5EDC6D9C-86DE-400B-9FF9-9232D3AE38ED}.Debug|Any CPU.Build.0 = Debug|Any CPU
		{5EDC6D9C-86DE-400B-9FF9-9232D3AE38ED}.Release|Any CPU.ActiveCfg = Release|Any CPU
		{5EDC6D9C-86DE-400B-9FF9-9232D3AE38ED}.Release|Any CPU.Build.0 = Release|Any CPU
		{DF02D6B6-D6E8-4A27-A2F2-FC7B77B039CD}.Debug|Any CPU.ActiveCfg = Debug|Any CPU
		{DF02D6B6-D6E8-4A27-A2F2-FC7B77B039CD}.Debug|Any CPU.Build.0 = Debug|Any CPU
		{DF02D6B6-D6E8-4A27-A2F2-FC7B77B039CD}.Release|Any CPU.ActiveCfg = Release|Any CPU
		{DF02D6B6-D6E8-4A27-A2F2-FC7B77B039CD}.Release|Any CPU.Build.0 = Release|Any CPU
	EndGlobalSection
	GlobalSection(SolutionProperties) = preSolution
		HideSolutionNode = FALSE
	EndGlobalSection
	GlobalSection(ExtensibilityGlobals) = postSolution
		SolutionGuid = {6BA1A951-5F28-4D26-92C3-CE261AF2FE5B}
	EndGlobalSection
EndGlobal
